// !$*UTF8*$!
{
	archiveVersion = 1;
	classes = {
	};
	objectVersion = 77;
	objects = {

/* Begin PBXBuildFile section */
		50B276A82F389886005F7475 /* Assets.xcassets in Resources */ = {isa = PBXBuildFile; fileRef = 50B276A52F389886005F7475 /* Assets.xcassets */; };
		50B276AA2F389886005F7475 /* App.swift in Sources */ = {isa = PBXBuildFile; fileRef = 50B276A72F389886005F7475 /* App.swift */; };
		50B276B72F39C991005F7475 /* FinderSync.swift in Sources */ = {isa = PBXBuildFile; fileRef = 50B276B62F39C991005F7475 /* FinderSync.swift */; };
		50B276BB2F39C991005F7475 /* RWX Editor Finder Extension.appex in Embed Foundation Extensions */ = {isa = PBXBuildFile; fileRef = 50B276B42F39C991005F7475 /* RWX Editor Finder Extension.appex */; settings = {ATTRIBUTES = (RemoveHeadersOnCopy, ); }; };
		50B276C32F39CB7C005F7475 /* const.swift in Sources */ = {isa = PBXBuildFile; fileRef = 50B276C22F39CB73005F7475 /* const.swift */; };
		50B276C42F39CB7C005F7475 /* const.swift in Sources */ = {isa = PBXBuildFile; fileRef = 50B276C22F39CB73005F7475 /* const.swift */; };
		50B276C62F39CBC9005F7475 /* Logger.swift in Sources */ = {isa = PBXBuildFile; fileRef = 50B276C52F39CBC3005F7475 /* Logger.swift */; };
		50B276C72F39CBC9005F7475 /* Logger.swift in Sources */ = {isa = PBXBuildFile; fileRef = 50B276C52F39CBC3005F7475 /* Logger.swift */; };
		50B276CA2F39CBD1005F7475 /* NSApplication.swift in Sources */ = {isa = PBXBuildFile; fileRef = 50B276C82F39CBD1005F7475 /* NSApplication.swift */; };
		50B276CD2F39CBF7005F7475 /* NSWindow.swift in Sources */ = {isa = PBXBuildFile; fileRef = 50B276CB2F39CBF7005F7475 /* NSWindow.swift */; };
		50B276CF2F39CC00005F7475 /* String.swift in Sources */ = {isa = PBXBuildFile; fileRef = 50B276CE2F39CC00005F7475 /* String.swift */; };
		50B276D02F39CC05005F7475 /* String.swift in Sources */ = {isa = PBXBuildFile; fileRef = 50B276CE2F39CC00005F7475 /* String.swift */; };
		50B276D22F39CC3E005F7475 /* MainView.swift in Sources */ = {isa = PBXBuildFile; fileRef = 50B276D12F39CC3E005F7475 /* MainView.swift */; };
		50B276D42F39CC5E005F7475 /* Popup.swift in Sources */ = {isa = PBXBuildFile; fileRef = 50B276D32F39CC59005F7475 /* Popup.swift */; };
		50B276DC2F39DB98005F7475 /* Test.swift in Sources */ = {isa = PBXBuildFile; fileRef = 50B276DB2F39DB98005F7475 /* Test.swift */; };
		50B276E22F39DC3F005F7475 /* UInt.swift in Sources */ = {isa = PBXBuildFile; fileRef = 50B276E12F39DC3F005F7475 /* UInt.swift */; };
		50B276E32F39DC3F005F7475 /* UInt.swift in Sources */ = {isa = PBXBuildFile; fileRef = 50B276E12F39DC3F005F7475 /* UInt.swift */; };
		50B276E42F39DC55005F7475 /* UInt.swift in Sources */ = {isa = PBXBuildFile; fileRef = 50B276E12F39DC3F005F7475 /* UInt.swift */; };
		50B276E62F39DC88005F7475 /* URL.swift in Sources */ = {isa = PBXBuildFile; fileRef = 50B276E52F39DC88005F7475 /* URL.swift */; };
		50B276E72F39DC88005F7475 /* URL.swift in Sources */ = {isa = PBXBuildFile; fileRef = 50B276E52F39DC88005F7475 /* URL.swift */; };
		50B276E82F39DC92005F7475 /* URL.swift in Sources */ = {isa = PBXBuildFile; fileRef = 50B276E52F39DC88005F7475 /* URL.swift */; };
		50B276E92F39DCCA005F7475 /* String.swift in Sources */ = {isa = PBXBuildFile; fileRef = 50B276CE2F39CC00005F7475 /* String.swift */; };
		50B276EE2F3A4677005F7475 /* PopupHead.swift in Sources */ = {isa = PBXBuildFile; fileRef = 50B276ED2F3A466B005F7475 /* PopupHead.swift */; };
		50B276F02F3A46FA005F7475 /* PopupBody.swift in Sources */ = {isa = PBXBuildFile; fileRef = 50B276EF2F3A46FA005F7475 /* PopupBody.swift */; };
		50B276F22F3A4709005F7475 /* PopupFoot.swift in Sources */ = {isa = PBXBuildFile; fileRef = 50B276F12F3A4709005F7475 /* PopupFoot.swift */; };
/* End PBXBuildFile section */

/* Begin PBXContainerItemProxy section */
		50B276B92F39C991005F7475 /* PBXContainerItemProxy */ = {
			isa = PBXContainerItemProxy;
			containerPortal = 50B2768F2F389876005F7475 /* Project object */;
			proxyType = 1;
			remoteGlobalIDString = 50B276B32F39C991005F7475;
			remoteInfo = "RWX Editor Finder Extension";
		};
/* End PBXContainerItemProxy section */

/* Begin PBXCopyFilesBuildPhase section */
		50B276BC2F39C991005F7475 /* Embed Foundation Extensions */ = {
			isa = PBXCopyFilesBuildPhase;
			buildActionMask = 2147483647;
			dstPath = "";
			dstSubfolderSpec = 13;
			files = (
				50B276BB2F39C991005F7475 /* RWX Editor Finder Extension.appex in Embed Foundation Extensions */,
			);
			name = "Embed Foundation Extensions";
			runOnlyForDeploymentPostprocessing = 0;
		};
/* End PBXCopyFilesBuildPhase section */

/* Begin PBXFileReference section */
		50B276972F389876005F7475 /* RWX Editor.app */ = {isa = PBXFileReference; explicitFileType = wrapper.application; includeInIndex = 0; path = "RWX Editor.app"; sourceTree = BUILT_PRODUCTS_DIR; };
		50B276A52F389886005F7475 /* Assets.xcassets */ = {isa = PBXFileReference; lastKnownFileType = folder.assetcatalog; path = Assets.xcassets; sourceTree = "<group>"; };
		50B276A72F389886005F7475 /* App.swift */ = {isa = PBXFileReference; lastKnownFileType = sourcecode.swift; path = App.swift; sourceTree = "<group>"; };
		50B276B42F39C991005F7475 /* RWX Editor Finder Extension.appex */ = {isa = PBXFileReference; explicitFileType = "wrapper.app-extension"; includeInIndex = 0; path = "RWX Editor Finder Extension.appex"; sourceTree = BUILT_PRODUCTS_DIR; };
		50B276B62F39C991005F7475 /* FinderSync.swift */ = {isa = PBXFileReference; lastKnownFileType = sourcecode.swift; path = FinderSync.swift; sourceTree = "<group>"; };
		50B276B82F39C991005F7475 /* Info.plist */ = {isa = PBXFileReference; lastKnownFileType = text.plist.xml; path = Info.plist; sourceTree = "<group>"; };
		50B276C12F39CA05005F7475 /* Info.plist */ = {isa = PBXFileReference; lastKnownFileType = text.plist.xml; path = Info.plist; sourceTree = "<group>"; };
		50B276C22F39CB73005F7475 /* const.swift */ = {isa = PBXFileReference; lastKnownFileType = sourcecode.swift; path = const.swift; sourceTree = "<group>"; };
		50B276C52F39CBC3005F7475 /* Logger.swift */ = {isa = PBXFileReference; lastKnownFileType = sourcecode.swift; path = Logger.swift; sourceTree = "<group>"; };
		50B276C82F39CBD1005F7475 /* NSApplication.swift */ = {isa = PBXFileReference; lastKnownFileType = sourcecode.swift; path = NSApplication.swift; sourceTree = "<group>"; };
		50B276CB2F39CBF7005F7475 /* NSWindow.swift */ = {isa = PBXFileReference; lastKnownFileType = sourcecode.swift; path = NSWindow.swift; sourceTree = "<group>"; };
		50B276CE2F39CC00005F7475 /* String.swift */ = {isa = PBXFileReference; lastKnownFileType = sourcecode.swift; path = String.swift; sourceTree = "<group>"; };
		50B276D12F39CC3E005F7475 /* MainView.swift */ = {isa = PBXFileReference; lastKnownFileType = sourcecode.swift; path = MainView.swift; sourceTree = "<group>"; };
		50B276D32F39CC59005F7475 /* Popup.swift */ = {isa = PBXFileReference; lastKnownFileType = sourcecode.swift; path = Popup.swift; sourceTree = "<group>"; };
		50B276D92F39DB98005F7475 /* RWX Editor Test.xctest */ = {isa = PBXFileReference; explicitFileType = wrapper.cfbundle; includeInIndex = 0; path = "RWX Editor Test.xctest"; sourceTree = BUILT_PRODUCTS_DIR; };
		50B276DB2F39DB98005F7475 /* Test.swift */ = {isa = PBXFileReference; lastKnownFileType = sourcecode.swift; path = Test.swift; sourceTree = "<group>"; };
		50B276E12F39DC3F005F7475 /* UInt.swift */ = {isa = PBXFileReference; lastKnownFileType = sourcecode.swift; path = UInt.swift; sourceTree = "<group>"; };
		50B276E52F39DC88005F7475 /* URL.swift */ = {isa = PBXFileReference; lastKnownFileType = sourcecode.swift; path = URL.swift; sourceTree = "<group>"; };
		50B276EA2F3A40C9005F7475 /* app.entitlements */ = {isa = PBXFileReference; lastKnownFileType = text.plist.entitlements; path = app.entitlements; sourceTree = "<group>"; };
		50B276EB2F3A411D005F7475 /* FinderSync.entitlements */ = {isa = PBXFileReference; lastKnownFileType = text.plist.entitlements; path = FinderSync.entitlements; sourceTree = "<group>"; };
		50B276ED2F3A466B005F7475 /* PopupHead.swift */ = {isa = PBXFileReference; lastKnownFileType = sourcecode.swift; path = PopupHead.swift; sourceTree = "<group>"; };
		50B276EF2F3A46FA005F7475 /* PopupBody.swift */ = {isa = PBXFileReference; lastKnownFileType = sourcecode.swift; path = PopupBody.swift; sourceTree = "<group>"; };
		50B276F12F3A4709005F7475 /* PopupFoot.swift */ = {isa = PBXFileReference; lastKnownFileType = sourcecode.swift; path = PopupFoot.swift; sourceTree = "<group>"; };
/* End PBXFileReference section */

/* Begin PBXFrameworksBuildPhase section */
		50B276942F389876005F7475 /* Frameworks */ = {
			isa = PBXFrameworksBuildPhase;
			buildActionMask = 2147483647;
			files = (
			);
			runOnlyForDeploymentPostprocessing = 0;
		};
		50B276B12F39C991005F7475 /* Frameworks */ = {
			isa = PBXFrameworksBuildPhase;
			buildActionMask = 2147483647;
			files = (
			);
			runOnlyForDeploymentPostprocessing = 0;
		};
		50B276D62F39DB98005F7475 /* Frameworks */ = {
			isa = PBXFrameworksBuildPhase;
			buildActionMask = 2147483647;
			files = (
			);
			runOnlyForDeploymentPostprocessing = 0;
		};
/* End PBXFrameworksBuildPhase section */

/* Begin PBXGroup section */
		50B2768E2F389876005F7475 = {
			isa = PBXGroup;
			children = (
				50B276AB2F3899C9005F7475 /* shared */,
				50B276AC2F3899D1005F7475 /* extensions */,
				50B276AD2F3899DD005F7475 /* main app */,
				50B276AE2F3899E8005F7475 /* popup */,
				50B276AF2F3899F7005F7475 /* finder extension */,
				50B276E02F39DBEB005F7475 /* test */,
				50B276982F389876005F7475 /* Products */,
			);
			sourceTree = "<group>";
		};
		50B276982F389876005F7475 /* Products */ = {
			isa = PBXGroup;
			children = (
				50B276972F389876005F7475 /* RWX Editor.app */,
				50B276B42F39C991005F7475 /* RWX Editor Finder Extension.appex */,
				50B276D92F39DB98005F7475 /* RWX Editor Test.xctest */,
			);
			name = Products;
			sourceTree = "<group>";
		};
		50B276AB2F3899C9005F7475 /* shared */ = {
			isa = PBXGroup;
			children = (
				50B276C22F39CB73005F7475 /* const.swift */,
			);
			path = shared;
			sourceTree = "<group>";
		};
		50B276AC2F3899D1005F7475 /* extensions */ = {
			isa = PBXGroup;
			children = (
				50B276C52F39CBC3005F7475 /* Logger.swift */,
				50B276C82F39CBD1005F7475 /* NSApplication.swift */,
				50B276CB2F39CBF7005F7475 /* NSWindow.swift */,
				50B276CE2F39CC00005F7475 /* String.swift */,
				50B276E12F39DC3F005F7475 /* UInt.swift */,
				50B276E52F39DC88005F7475 /* URL.swift */,
			);
			path = extensions;
			sourceTree = "<group>";
		};
		50B276AD2F3899DD005F7475 /* main app */ = {
			isa = PBXGroup;
			children = (
				50B276A72F389886005F7475 /* App.swift */,
				50B276D12F39CC3E005F7475 /* MainView.swift */,
				50B276A52F389886005F7475 /* Assets.xcassets */,
				50B276EA2F3A40C9005F7475 /* app.entitlements */,
				50B276C12F39CA05005F7475 /* Info.plist */,
			);
			path = "main app";
			sourceTree = "<group>";
		};
		50B276AE2F3899E8005F7475 /* popup */ = {
			isa = PBXGroup;
			children = (
				50B276D32F39CC59005F7475 /* Popup.swift */,
				50B276ED2F3A466B005F7475 /* PopupHead.swift */,
				50B276EF2F3A46FA005F7475 /* PopupBody.swift */,
				50B276F12F3A4709005F7475 /* PopupFoot.swift */,
			);
			path = popup;
			sourceTree = "<group>";
		};
		50B276AF2F3899F7005F7475 /* finder extension */ = {
			isa = PBXGroup;
			children = (
				50B276B62F39C991005F7475 /* FinderSync.swift */,
				50B276EB2F3A411D005F7475 /* FinderSync.entitlements */,
				50B276B82F39C991005F7475 /* Info.plist */,
			);
			path = "finder extension";
			sourceTree = "<group>";
		};
		50B276E02F39DBEB005F7475 /* test */ = {
			isa = PBXGroup;
			children = (
				50B276DB2F39DB98005F7475 /* Test.swift */,
			);
			path = test;
			sourceTree = "<group>";
		};
/* End PBXGroup section */

/* Begin PBXNativeTarget section */
		50B276962F389876005F7475 /* RWX Editor */ = {
			isa = PBXNativeTarget;
			buildConfigurationList = 50B276A22F389878005F7475 /* Build configuration list for PBXNativeTarget "RWX Editor" */;
			buildPhases = (
				50B276932F389876005F7475 /* Sources */,
				50B276942F389876005F7475 /* Frameworks */,
				50B276952F389876005F7475 /* Resources */,
				50B276BC2F39C991005F7475 /* Embed Foundation Extensions */,
			);
			buildRules = (
			);
			dependencies = (
				50B276BA2F39C991005F7475 /* PBXTargetDependency */,
			);
			name = "RWX Editor";
			packageProductDependencies = (
			);
			productName = "RWX Editor";
			productReference = 50B276972F389876005F7475 /* RWX Editor.app */;
			productType = "com.apple.product-type.application";
		};
		50B276B32F39C991005F7475 /* RWX Editor Finder Extension */ = {
			isa = PBXNativeTarget;
			buildConfigurationList = 50B276C02F39C991005F7475 /* Build configuration list for PBXNativeTarget "RWX Editor Finder Extension" */;
			buildPhases = (
				50B276B02F39C991005F7475 /* Sources */,
				50B276B12F39C991005F7475 /* Frameworks */,
				50B276B22F39C991005F7475 /* Resources */,
			);
			buildRules = (
			);
			dependencies = (
			);
			name = "RWX Editor Finder Extension";
			packageProductDependencies = (
			);
			productName = "RWX Editor Finder Extension";
			productReference = 50B276B42F39C991005F7475 /* RWX Editor Finder Extension.appex */;
			productType = "com.apple.product-type.app-extension";
		};
		50B276D82F39DB98005F7475 /* RWX Editor Test */ = {
			isa = PBXNativeTarget;
			buildConfigurationList = 50B276DF2F39DB98005F7475 /* Build configuration list for PBXNativeTarget "RWX Editor Test" */;
			buildPhases = (
				50B276D52F39DB98005F7475 /* Sources */,
				50B276D62F39DB98005F7475 /* Frameworks */,
				50B276D72F39DB98005F7475 /* Resources */,
			);
			buildRules = (
			);
			dependencies = (
			);
			name = "RWX Editor Test";
			packageProductDependencies = (
			);
			productName = "RWX Editor Test";
			productReference = 50B276D92F39DB98005F7475 /* RWX Editor Test.xctest */;
			productType = "com.apple.product-type.bundle.unit-test";
		};
/* End PBXNativeTarget section */

/* Begin PBXProject section */
		50B2768F2F389876005F7475 /* Project object */ = {
			isa = PBXProject;
			attributes = {
				BuildIndependentTargetsInParallel = 1;
				LastSwiftUpdateCheck = 2600;
				LastUpgradeCheck = 2600;
				TargetAttributes = {
					50B276962F389876005F7475 = {
						CreatedOnToolsVersion = 26.0;
					};
					50B276B32F39C991005F7475 = {
						CreatedOnToolsVersion = 26.0;
					};
					50B276D82F39DB98005F7475 = {
						CreatedOnToolsVersion = 26.0;
					};
				};
			};
			buildConfigurationList = 50B276922F389876005F7475 /* Build configuration list for PBXProject "RWX Editor" */;
			developmentRegion = en;
			hasScannedForEncodings = 0;
			knownRegions = (
				en,
				Base,
				ru,
			);
			mainGroup = 50B2768E2F389876005F7475;
			minimizedProjectReferenceProxies = 1;
			preferredProjectObjectVersion = 77;
			productRefGroup = 50B276982F389876005F7475 /* Products */;
			projectDirPath = "";
			projectRoot = "";
			targets = (
				50B276962F389876005F7475 /* RWX Editor */,
				50B276B32F39C991005F7475 /* RWX Editor Finder Extension */,
				50B276D82F39DB98005F7475 /* RWX Editor Test */,
			);
		};
/* End PBXProject section */

/* Begin PBXResourcesBuildPhase section */
		50B276952F389876005F7475 /* Resources */ = {
			isa = PBXResourcesBuildPhase;
			buildActionMask = 2147483647;
			files = (
				50B276A82F389886005F7475 /* Assets.xcassets in Resources */,
			);
			runOnlyForDeploymentPostprocessing = 0;
		};
		50B276B22F39C991005F7475 /* Resources */ = {
			isa = PBXResourcesBuildPhase;
			buildActionMask = 2147483647;
			files = (
			);
			runOnlyForDeploymentPostprocessing = 0;
		};
		50B276D72F39DB98005F7475 /* Resources */ = {
			isa = PBXResourcesBuildPhase;
			buildActionMask = 2147483647;
			files = (
			);
			runOnlyForDeploymentPostprocessing = 0;
		};
/* End PBXResourcesBuildPhase section */

/* Begin PBXSourcesBuildPhase section */
		50B276932F389876005F7475 /* Sources */ = {
			isa = PBXSourcesBuildPhase;
			buildActionMask = 2147483647;
			files = (
				50B276F02F3A46FA005F7475 /* PopupBody.swift in Sources */,
				50B276CF2F39CC00005F7475 /* String.swift in Sources */,
				50B276D42F39CC5E005F7475 /* Popup.swift in Sources */,
				50B276F22F3A4709005F7475 /* PopupFoot.swift in Sources */,
				50B276D22F39CC3E005F7475 /* MainView.swift in Sources */,
				50B276CD2F39CBF7005F7475 /* NSWindow.swift in Sources */,
				50B276EE2F3A4677005F7475 /* PopupHead.swift in Sources */,
				50B276AA2F389886005F7475 /* App.swift in Sources */,
				50B276E72F39DC88005F7475 /* URL.swift in Sources */,
				50B276C62F39CBC9005F7475 /* Logger.swift in Sources */,
				50B276C32F39CB7C005F7475 /* const.swift in Sources */,
				50B276CA2F39CBD1005F7475 /* NSApplication.swift in Sources */,
				50B276E32F39DC3F005F7475 /* UInt.swift in Sources */,
			);
			runOnlyForDeploymentPostprocessing = 0;
		};
		50B276B02F39C991005F7475 /* Sources */ = {
			isa = PBXSourcesBuildPhase;
			buildActionMask = 2147483647;
			files = (
				50B276E22F39DC3F005F7475 /* UInt.swift in Sources */,
				50B276B72F39C991005F7475 /* FinderSync.swift in Sources */,
				50B276C72F39CBC9005F7475 /* Logger.swift in Sources */,
				50B276D02F39CC05005F7475 /* String.swift in Sources */,
				50B276C42F39CB7C005F7475 /* const.swift in Sources */,
				50B276E62F39DC88005F7475 /* URL.swift in Sources */,
			);
			runOnlyForDeploymentPostprocessing = 0;
		};
		50B276D52F39DB98005F7475 /* Sources */ = {
			isa = PBXSourcesBuildPhase;
			buildActionMask = 2147483647;
			files = (
				50B276DC2F39DB98005F7475 /* Test.swift in Sources */,
				50B276E42F39DC55005F7475 /* UInt.swift in Sources */,
				50B276E92F39DCCA005F7475 /* String.swift in Sources */,
				50B276E82F39DC92005F7475 /* URL.swift in Sources */,
			);
			runOnlyForDeploymentPostprocessing = 0;
		};
/* End PBXSourcesBuildPhase section */

/* Begin PBXTargetDependency section */
		50B276BA2F39C991005F7475 /* PBXTargetDependency */ = {
			isa = PBXTargetDependency;
			target = 50B276B32F39C991005F7475 /* RWX Editor Finder Extension */;
			targetProxy = 50B276B92F39C991005F7475 /* PBXContainerItemProxy */;
		};
/* End PBXTargetDependency section */

/* Begin XCBuildConfiguration section */
		50B276A02F389878005F7475 /* Debug */ = {
			isa = XCBuildConfiguration;
			buildSettings = {
				ALWAYS_SEARCH_USER_PATHS = NO;
				ASSETCATALOG_COMPILER_GENERATE_SWIFT_ASSET_SYMBOL_EXTENSIONS = YES;
				CLANG_ANALYZER_NONNULL = YES;
				CLANG_ANALYZER_NUMBER_OBJECT_CONVERSION = YES_AGGRESSIVE;
				CLANG_CXX_LANGUAGE_STANDARD = "gnu++20";
				CLANG_ENABLE_MODULES = YES;
				CLANG_ENABLE_OBJC_ARC = YES;
				CLANG_ENABLE_OBJC_WEAK = YES;
				CLANG_WARN_BLOCK_CAPTURE_AUTORELEASING = YES;
				CLANG_WARN_BOOL_CONVERSION = YES;
				CLANG_WARN_COMMA = YES;
				CLANG_WARN_CONSTANT_CONVERSION = YES;
				CLANG_WARN_DEPRECATED_OBJC_IMPLEMENTATIONS = YES;
				CLANG_WARN_DIRECT_OBJC_ISA_USAGE = YES_ERROR;
				CLANG_WARN_DOCUMENTATION_COMMENTS = YES;
				CLANG_WARN_EMPTY_BODY = YES;
				CLANG_WARN_ENUM_CONVERSION = YES;
				CLANG_WARN_INFINITE_RECURSION = YES;
				CLANG_WARN_INT_CONVERSION = YES;
				CLANG_WARN_NON_LITERAL_NULL_CONVERSION = YES;
				CLANG_WARN_OBJC_IMPLICIT_RETAIN_SELF = YES;
				CLANG_WARN_OBJC_LITERAL_CONVERSION = YES;
				CLANG_WARN_OBJC_ROOT_CLASS = YES_ERROR;
				CLANG_WARN_QUOTED_INCLUDE_IN_FRAMEWORK_HEADER = YES;
				CLANG_WARN_RANGE_LOOP_ANALYSIS = YES;
				CLANG_WARN_STRICT_PROTOTYPES = YES;
				CLANG_WARN_SUSPICIOUS_MOVE = YES;
				CLANG_WARN_UNGUARDED_AVAILABILITY = YES_AGGRESSIVE;
				CLANG_WARN_UNREACHABLE_CODE = YES;
				CLANG_WARN__DUPLICATE_METHOD_MATCH = YES;
				COPY_PHASE_STRIP = NO;
				DEBUG_INFORMATION_FORMAT = dwarf;
				DEVELOPMENT_TEAM = 97CZR6J379;
				ENABLE_STRICT_OBJC_MSGSEND = YES;
				ENABLE_TESTABILITY = YES;
				ENABLE_USER_SCRIPT_SANDBOXING = YES;
				GCC_C_LANGUAGE_STANDARD = gnu17;
				GCC_DYNAMIC_NO_PIC = NO;
				GCC_NO_COMMON_BLOCKS = YES;
				GCC_OPTIMIZATION_LEVEL = 0;
				GCC_PREPROCESSOR_DEFINITIONS = (
					"DEBUG=1",
					"$(inherited)",
				);
				GCC_WARN_64_TO_32_BIT_CONVERSION = YES;
				GCC_WARN_ABOUT_RETURN_TYPE = YES_ERROR;
				GCC_WARN_UNDECLARED_SELECTOR = YES;
				GCC_WARN_UNINITIALIZED_AUTOS = YES_AGGRESSIVE;
				GCC_WARN_UNUSED_FUNCTION = YES;
				GCC_WARN_UNUSED_VARIABLE = YES;
				LOCALIZATION_PREFERS_STRING_CATALOGS = YES;
				MACOSX_DEPLOYMENT_TARGET = 15.7;
				MTL_ENABLE_DEBUG_INFO = INCLUDE_SOURCE;
				MTL_FAST_MATH = YES;
				ONLY_ACTIVE_ARCH = YES;
				SDKROOT = macosx;
				SWIFT_ACTIVE_COMPILATION_CONDITIONS = "DEBUG $(inherited)";
				SWIFT_OPTIMIZATION_LEVEL = "-Onone";
				SWIFT_VERSION = 6.0;
			};
			name = Debug;
		};
		50B276A12F389878005F7475 /* Release */ = {
			isa = XCBuildConfiguration;
			buildSettings = {
				ALWAYS_SEARCH_USER_PATHS = NO;
				ASSETCATALOG_COMPILER_GENERATE_SWIFT_ASSET_SYMBOL_EXTENSIONS = YES;
				CLANG_ANALYZER_NONNULL = YES;
				CLANG_ANALYZER_NUMBER_OBJECT_CONVERSION = YES_AGGRESSIVE;
				CLANG_CXX_LANGUAGE_STANDARD = "gnu++20";
				CLANG_ENABLE_MODULES = YES;
				CLANG_ENABLE_OBJC_ARC = YES;
				CLANG_ENABLE_OBJC_WEAK = YES;
				CLANG_WARN_BLOCK_CAPTURE_AUTORELEASING = YES;
				CLANG_WARN_BOOL_CONVERSION = YES;
				CLANG_WARN_COMMA = YES;
				CLANG_WARN_CONSTANT_CONVERSION = YES;
				CLANG_WARN_DEPRECATED_OBJC_IMPLEMENTATIONS = YES;
				CLANG_WARN_DIRECT_OBJC_ISA_USAGE = YES_ERROR;
				CLANG_WARN_DOCUMENTATION_COMMENTS = YES;
				CLANG_WARN_EMPTY_BODY = YES;
				CLANG_WARN_ENUM_CONVERSION = YES;
				CLANG_WARN_INFINITE_RECURSION = YES;
				CLANG_WARN_INT_CONVERSION = YES;
				CLANG_WARN_NON_LITERAL_NULL_CONVERSION = YES;
				CLANG_WARN_OBJC_IMPLICIT_RETAIN_SELF = YES;
				CLANG_WARN_OBJC_LITERAL_CONVERSION = YES;
				CLANG_WARN_OBJC_ROOT_CLASS = YES_ERROR;
				CLANG_WARN_QUOTED_INCLUDE_IN_FRAMEWORK_HEADER = YES;
				CLANG_WARN_RANGE_LOOP_ANALYSIS = YES;
				CLANG_WARN_STRICT_PROTOTYPES = YES;
				CLANG_WARN_SUSPICIOUS_MOVE = YES;
				CLANG_WARN_UNGUARDED_AVAILABILITY = YES_AGGRESSIVE;
				CLANG_WARN_UNREACHABLE_CODE = YES;
				CLANG_WARN__DUPLICATE_METHOD_MATCH = YES;
				COPY_PHASE_STRIP = NO;
				DEBUG_INFORMATION_FORMAT = "dwarf-with-dsym";
				DEVELOPMENT_TEAM = 97CZR6J379;
				ENABLE_NS_ASSERTIONS = NO;
				ENABLE_STRICT_OBJC_MSGSEND = YES;
				ENABLE_USER_SCRIPT_SANDBOXING = YES;
				GCC_C_LANGUAGE_STANDARD = gnu17;
				GCC_NO_COMMON_BLOCKS = YES;
				GCC_WARN_64_TO_32_BIT_CONVERSION = YES;
				GCC_WARN_ABOUT_RETURN_TYPE = YES_ERROR;
				GCC_WARN_UNDECLARED_SELECTOR = YES;
				GCC_WARN_UNINITIALIZED_AUTOS = YES_AGGRESSIVE;
				GCC_WARN_UNUSED_FUNCTION = YES;
				GCC_WARN_UNUSED_VARIABLE = YES;
				LOCALIZATION_PREFERS_STRING_CATALOGS = YES;
				MACOSX_DEPLOYMENT_TARGET = 15.7;
				MTL_ENABLE_DEBUG_INFO = NO;
				MTL_FAST_MATH = YES;
				SDKROOT = macosx;
				SWIFT_COMPILATION_MODE = wholemodule;
				SWIFT_VERSION = 6.0;
			};
			name = Release;
		};
		50B276A32F389878005F7475 /* Debug */ = {
			isa = XCBuildConfiguration;
			buildSettings = {
				ASSETCATALOG_COMPILER_APPICON_NAME = AppIcon;
				ASSETCATALOG_COMPILER_GLOBAL_ACCENT_COLOR_NAME = AccentColor;
				CODE_SIGN_ENTITLEMENTS = "main app/app.entitlements";
				CODE_SIGN_STYLE = Automatic;
				COMBINE_HIDPI_IMAGES = YES;
				CURRENT_PROJECT_VERSION = 1;
				DEVELOPMENT_TEAM = 97CZR6J379;
				ENABLE_APP_SANDBOX = YES;
				ENABLE_HARDENED_RUNTIME = YES;
				ENABLE_PREVIEWS = YES;
				ENABLE_USER_SELECTED_FILES = readonly;
				GENERATE_INFOPLIST_FILE = YES;
				INFOPLIST_FILE = "main app/Info.plist";
				INFOPLIST_KEY_CFBundleDisplayName = "RWX Editor";
				INFOPLIST_KEY_LSApplicationCategoryType = "public.app-category.utilities";
				INFOPLIST_KEY_NSHumanReadableCopyright = "Copyright © 2026 Maxim Rysevets. All rights reserved.";
				LD_RUNPATH_SEARCH_PATHS = (
					"$(inherited)",
					"@executable_path/../Frameworks",
				);
				MACOSX_DEPLOYMENT_TARGET = 11.0;
				MARKETING_VERSION = 1.0;
				PRODUCT_BUNDLE_IDENTIFIER = "maxrys.rwx-editor";
				PRODUCT_NAME = "$(TARGET_NAME)";
				REGISTER_APP_GROUPS = YES;
				STRING_CATALOG_GENERATE_SYMBOLS = YES;
				SWIFT_APPROACHABLE_CONCURRENCY = YES;
				SWIFT_DEFAULT_ACTOR_ISOLATION = MainActor;
				SWIFT_EMIT_LOC_STRINGS = YES;
				SWIFT_UPCOMING_FEATURE_MEMBER_IMPORT_VISIBILITY = YES;
				SWIFT_VERSION = 6.0;
			};
			name = Debug;
		};
		50B276A42F389878005F7475 /* Release */ = {
			isa = XCBuildConfiguration;
			buildSettings = {
				ASSETCATALOG_COMPILER_APPICON_NAME = AppIcon;
				ASSETCATALOG_COMPILER_GLOBAL_ACCENT_COLOR_NAME = AccentColor;
				CODE_SIGN_ENTITLEMENTS = "main app/app.entitlements";
				CODE_SIGN_STYLE = Automatic;
				COMBINE_HIDPI_IMAGES = YES;
				CURRENT_PROJECT_VERSION = 1;
				DEVELOPMENT_TEAM = 97CZR6J379;
				ENABLE_APP_SANDBOX = YES;
				ENABLE_HARDENED_RUNTIME = YES;
				ENABLE_PREVIEWS = YES;
				ENABLE_USER_SELECTED_FILES = readonly;
				GENERATE_INFOPLIST_FILE = YES;
				INFOPLIST_FILE = "main app/Info.plist";
				INFOPLIST_KEY_CFBundleDisplayName = "RWX Editor";
				INFOPLIST_KEY_LSApplicationCategoryType = "public.app-category.utilities";
				INFOPLIST_KEY_NSHumanReadableCopyright = "Copyright © 2026 Maxim Rysevets. All rights reserved.";
				LD_RUNPATH_SEARCH_PATHS = (
					"$(inherited)",
					"@executable_path/../Frameworks",
				);
				MACOSX_DEPLOYMENT_TARGET = 11.0;
				MARKETING_VERSION = 1.0;
				PRODUCT_BUNDLE_IDENTIFIER = "maxrys.rwx-editor";
				PRODUCT_NAME = "$(TARGET_NAME)";
				REGISTER_APP_GROUPS = YES;
				STRING_CATALOG_GENERATE_SYMBOLS = YES;
				SWIFT_APPROACHABLE_CONCURRENCY = YES;
				SWIFT_DEFAULT_ACTOR_ISOLATION = MainActor;
				SWIFT_EMIT_LOC_STRINGS = YES;
				SWIFT_UPCOMING_FEATURE_MEMBER_IMPORT_VISIBILITY = YES;
				SWIFT_VERSION = 6.0;
			};
			name = Release;
		};
		50B276BD2F39C991005F7475 /* Debug */ = {
			isa = XCBuildConfiguration;
			buildSettings = {
				CODE_SIGN_ENTITLEMENTS = "finder extension/FinderSync.entitlements";
				CODE_SIGN_STYLE = Automatic;
				COMBINE_HIDPI_IMAGES = YES;
				CURRENT_PROJECT_VERSION = 1;
				DEVELOPMENT_TEAM = 97CZR6J379;
				ENABLE_APP_SANDBOX = YES;
				ENABLE_HARDENED_RUNTIME = YES;
				ENABLE_USER_SELECTED_FILES = readonly;
				GENERATE_INFOPLIST_FILE = YES;
				INFOPLIST_FILE = "finder extension/Info.plist";
				INFOPLIST_KEY_CFBundleDisplayName = "RWX Editor Finder Extension";
				INFOPLIST_KEY_LSUIElement = YES;
				INFOPLIST_KEY_NSHumanReadableCopyright = "Copyright © 2026 Maxim Rysevets. All rights reserved.";
				LD_RUNPATH_SEARCH_PATHS = (
					"$(inherited)",
					"@executable_path/../Frameworks",
					"@executable_path/../../../../Frameworks",
				);
				MACOSX_DEPLOYMENT_TARGET = 11.0;
				MARKETING_VERSION = 1.0;
				PRODUCT_BUNDLE_IDENTIFIER = "maxrys.rwx-editor.finder-extension";
				PRODUCT_NAME = "$(TARGET_NAME)";
				REGISTER_APP_GROUPS = YES;
				SKIP_INSTALL = YES;
				STRING_CATALOG_GENERATE_SYMBOLS = YES;
				SWIFT_APPROACHABLE_CONCURRENCY = YES;
				SWIFT_EMIT_LOC_STRINGS = YES;
				SWIFT_UPCOMING_FEATURE_MEMBER_IMPORT_VISIBILITY = YES;
				SWIFT_VERSION = 6.0;
			};
			name = Debug;
		};
		50B276BE2F39C991005F7475 /* Release */ = {
			isa = XCBuildConfiguration;
			buildSettings = {
				CODE_SIGN_ENTITLEMENTS = "finder extension/FinderSync.entitlements";
				CODE_SIGN_STYLE = Automatic;
				COMBINE_HIDPI_IMAGES = YES;
				CURRENT_PROJECT_VERSION = 1;
				DEVELOPMENT_TEAM = 97CZR6J379;
				ENABLE_APP_SANDBOX = YES;
				ENABLE_HARDENED_RUNTIME = YES;
				ENABLE_USER_SELECTED_FILES = readonly;
				GENERATE_INFOPLIST_FILE = YES;
				INFOPLIST_FILE = "finder extension/Info.plist";
				INFOPLIST_KEY_CFBundleDisplayName = "RWX Editor Finder Extension";
				INFOPLIST_KEY_LSUIElement = YES;
				INFOPLIST_KEY_NSHumanReadableCopyright = "Copyright © 2026 Maxim Rysevets. All rights reserved.";
				LD_RUNPATH_SEARCH_PATHS = (
					"$(inherited)",
					"@executable_path/../Frameworks",
					"@executable_path/../../../../Frameworks",
				);
				MACOSX_DEPLOYMENT_TARGET = 11.0;
				MARKETING_VERSION = 1.0;
				PRODUCT_BUNDLE_IDENTIFIER = "maxrys.rwx-editor.finder-extension";
				PRODUCT_NAME = "$(TARGET_NAME)";
				REGISTER_APP_GROUPS = YES;
				SKIP_INSTALL = YES;
				STRING_CATALOG_GENERATE_SYMBOLS = YES;
				SWIFT_APPROACHABLE_CONCURRENCY = YES;
				SWIFT_EMIT_LOC_STRINGS = YES;
				SWIFT_UPCOMING_FEATURE_MEMBER_IMPORT_VISIBILITY = YES;
				SWIFT_VERSION = 6.0;
			};
			name = Release;
		};
		50B276DD2F39DB98005F7475 /* Debug */ = {
			isa = XCBuildConfiguration;
			buildSettings = {
				CODE_SIGN_STYLE = Automatic;
				CURRENT_PROJECT_VERSION = 1;
				DEVELOPMENT_TEAM = 97CZR6J379;
				GENERATE_INFOPLIST_FILE = YES;
				MACOSX_DEPLOYMENT_TARGET = 11.0;
				MARKETING_VERSION = 1.0;
				PRODUCT_BUNDLE_IDENTIFIER = "maxrys.rwx-editor.test";
				PRODUCT_NAME = "$(TARGET_NAME)";
				STRING_CATALOG_GENERATE_SYMBOLS = NO;
				SWIFT_APPROACHABLE_CONCURRENCY = YES;
				SWIFT_EMIT_LOC_STRINGS = NO;
				SWIFT_UPCOMING_FEATURE_MEMBER_IMPORT_VISIBILITY = YES;
				SWIFT_VERSION = 5.0;
			};
			name = Debug;
		};
		50B276DE2F39DB98005F7475 /* Release */ = {
			isa = XCBuildConfiguration;
			buildSettings = {
				CODE_SIGN_STYLE = Automatic;
				CURRENT_PROJECT_VERSION = 1;
				DEVELOPMENT_TEAM = 97CZR6J379;
				GENERATE_INFOPLIST_FILE = YES;
				MACOSX_DEPLOYMENT_TARGET = 11.0;
				MARKETING_VERSION = 1.0;
				PRODUCT_BUNDLE_IDENTIFIER = "maxrys.rwx-editor.test";
				PRODUCT_NAME = "$(TARGET_NAME)";
				STRING_CATALOG_GENERATE_SYMBOLS = NO;
				SWIFT_APPROACHABLE_CONCURRENCY = YES;
				SWIFT_EMIT_LOC_STRINGS = NO;
				SWIFT_UPCOMING_FEATURE_MEMBER_IMPORT_VISIBILITY = YES;
				SWIFT_VERSION = 5.0;
			};
			name = Release;
		};
/* End XCBuildConfiguration section */

/* Begin XCConfigurationList section */
		50B276922F389876005F7475 /* Build configuration list for PBXProject "RWX Editor" */ = {
			isa = XCConfigurationList;
			buildConfigurations = (
				50B276A02F389878005F7475 /* Debug */,
				50B276A12F389878005F7475 /* Release */,
			);
			defaultConfigurationIsVisible = 0;
			defaultConfigurationName = Release;
		};
		50B276A22F389878005F7475 /* Build configuration list for PBXNativeTarget "RWX Editor" */ = {
			isa = XCConfigurationList;
			buildConfigurations = (
				50B276A32F389878005F7475 /* Debug */,
				50B276A42F389878005F7475 /* Release */,
			);
			defaultConfigurationIsVisible = 0;
			defaultConfigurationName = Release;
		};
		50B276C02F39C991005F7475 /* Build configuration list for PBXNativeTarget "RWX Editor Finder Extension" */ = {
			isa = XCConfigurationList;
			buildConfigurations = (
				50B276BD2F39C991005F7475 /* Debug */,
				50B276BE2F39C991005F7475 /* Release */,
			);
			defaultConfigurationIsVisible = 0;
			defaultConfigurationName = Release;
		};
		50B276DF2F39DB98005F7475 /* Build configuration list for PBXNativeTarget "RWX Editor Test" */ = {
			isa = XCConfigurationList;
			buildConfigurations = (
				50B276DD2F39DB98005F7475 /* Debug */,
				50B276DE2F39DB98005F7475 /* Release */,
			);
			defaultConfigurationIsVisible = 0;
			defaultConfigurationName = Release;
		};
/* End XCConfigurationList section */
	};
	rootObject = 50B2768F2F389876005F7475 /* Project object */;
}
